
Microsoft Visual Studio Solution File, Format Version 12.00
# Visual Studio 2013
VisualStudioVersion = 12.0.30110.0
MinimumVisualStudioVersion = 10.0.40219.1
Project("{2150E333-8FDC-42A3-9474-1A3956D46DE8}") = "src", "src", "{1409472C-6699-4D6E-9147-C5D1C209D32D}"
EndProject
Project("{FAE04EC0-301F-11D3-BF4B-00C04F79EFBC}") = "SQLitePCL.Ext.Net45", "SQLitePCL.Ext.Net45\SQLitePCL.Ext.Net45.csproj", "{2D92B6AF-04FB-4635-B203-007D4465AFE2}"
EndProject
Project("{FAE04EC0-301F-11D3-BF4B-00C04F79EFBC}") = "SQLitePCL.Ext.WindowsStore", "SQLitePCL.Ext.WindowsStore\SQLitePCL.Ext.WindowsStore.csproj", "{9B474238-4545-4362-A5A6-198EAEAB4259}"
EndProject
Project("{8BC9CEB8-8B4A-11D0-8D11-00A0C91BC942}") = "SQLitePCL.Ext.WindowsPhone8.RuntimeProxy", "SQLitePCL.Ext.WindowsPhone8.RuntimeProxy\SQLitePCL.Ext.WindowsPhone8.RuntimeProxy.vcxproj", "{09D56E6B-8FEC-48D7-8246-6479BB0FE8C5}"
EndProject
Project("{FAE04EC0-301F-11D3-BF4B-00C04F79EFBC}") = "SQLitePCL.Ext.WindowsPhone8", "SQLitePCL.Ext.WindowsPhone8\SQLitePCL.Ext.WindowsPhone8.csproj", "{DC4F7766-AFB9-46FD-AD1E-2ECAC1F71576}"
EndProject
Project("{FAE04EC0-301F-11D3-BF4B-00C04F79EFBC}") = "SQLitePCL", "SQLitePCL\SQLitePCL.csproj", "{E7F6AAE8-D264-49A2-8295-4E3B02B9BF0B}"
EndProject
Project("{FAE04EC0-301F-11D3-BF4B-00C04F79EFBC}") = "SQLitePCL.Ext.Android", "SQLitePCL.Ext.Android\SQLitePCL.Ext.Android.csproj", "{5C48C2B6-5D6E-4699-91B1-C9E1B4306029}"
EndProject
Project("{2150E333-8FDC-42A3-9474-1A3956D46DE8}") = "test", "test", "{FC0A25F6-D2E1-4A7E-88FA-FAECA0B836E8}"
EndProject
Project("{FAE04EC0-301F-11D3-BF4B-00C04F79EFBC}") = "SQLitePCL.Ext.WindowsPhone8.Test", "SQLitePCL.Ext.WindowsPhone8.Test\SQLitePCL.Ext.WindowsPhone8.Test.csproj", "{B83426D5-BA15-4816-9F01-FC13183156B8}"
EndProject
Project("{FAE04EC0-301F-11D3-BF4B-00C04F79EFBC}") = "SQLitePCL.Ext.WindowsStore.Test", "SQLitePCL.Ext.WindowsStore.Test\SQLitePCL.Ext.WindowsStore.Test.csproj", "{7000877B-3475-42A0-8BAC-36036B7C773E}"
EndProject
Project("{FAE04EC0-301F-11D3-BF4B-00C04F79EFBC}") = "SQLitePCL.Ext.Net45.Test", "SQLitePCL.Ext.Net45.Test\SQLitePCL.Ext.Net45.Test.csproj", "{40D10FD8-D78A-4DBF-8337-AC73F4478824}"
EndProject
Project("{FAE04EC0-301F-11D3-BF4B-00C04F79EFBC}") = "SQLitePCL.Ext.Android.Test", "SQLitePCL.Ext.Android.Test\SQLitePCL.Ext.Android.Test.csproj", "{0CD112EB-A935-4A04-8DC9-D523287F43CA}"
EndProject
Project("{FAE04EC0-301F-11D3-BF4B-00C04F79EFBC}") = "SQLitePCL.Ext.iOS", "SQLitePCL.Ext.iOS\SQLitePCL.Ext.iOS.csproj", "{BEC78ACC-EC61-460B-9A78-A19CAE3F01BD}"
EndProject
Project("{FAE04EC0-301F-11D3-BF4B-00C04F79EFBC}") = "SQLitePCL.Ext.iOS.Test", "SQLitePCL.Ext.iOS.Test\SQLitePCL.Ext.iOS.Test.csproj", "{7B514EE4-88BE-43F4-8794-79312105562A}"
EndProject
Global
	GlobalSection(SolutionConfigurationPlatforms) = preSolution
		Debug|Android = Debug|Android
		Debug|Any CPU = Debug|Any CPU
		Debug|ARM = Debug|ARM
		Debug|iPhone = Debug|iPhone
		Debug|iPhoneSimulator = Debug|iPhoneSimulator
		Debug|Mixed Platforms = Debug|Mixed Platforms
		Debug|x64 = Debug|x64
		Debug|x86 = Debug|x86
		Release|Android = Release|Android
		Release|Any CPU = Release|Any CPU
		Release|ARM = Release|ARM
		Release|iPhone = Release|iPhone
		Release|iPhoneSimulator = Release|iPhoneSimulator
		Release|Mixed Platforms = Release|Mixed Platforms
		Release|x64 = Release|x64
		Release|x86 = Release|x86
	EndGlobalSection
	GlobalSection(ProjectConfigurationPlatforms) = postSolution
		{2D92B6AF-04FB-4635-B203-007D4465AFE2}.Debug|Android.ActiveCfg = Debug|Any CPU
		{2D92B6AF-04FB-4635-B203-007D4465AFE2}.Debug|Any CPU.ActiveCfg = Debug|Any CPU
		{2D92B6AF-04FB-4635-B203-007D4465AFE2}.Debug|ARM.ActiveCfg = Debug|Any CPU
		{2D92B6AF-04FB-4635-B203-007D4465AFE2}.Debug|iPhone.ActiveCfg = Debug|Any CPU
		{2D92B6AF-04FB-4635-B203-007D4465AFE2}.Debug|iPhoneSimulator.ActiveCfg = Debug|Any CPU
		{2D92B6AF-04FB-4635-B203-007D4465AFE2}.Debug|Mixed Platforms.ActiveCfg = Debug|Any CPU
		{2D92B6AF-04FB-4635-B203-007D4465AFE2}.Debug|Mixed Platforms.Build.0 = Debug|Any CPU
		{2D92B6AF-04FB-4635-B203-007D4465AFE2}.Debug|x64.ActiveCfg = Debug|Any CPU
		{2D92B6AF-04FB-4635-B203-007D4465AFE2}.Debug|x86.ActiveCfg = Debug|Any CPU
		{2D92B6AF-04FB-4635-B203-007D4465AFE2}.Debug|x86.Build.0 = Debug|Any CPU
		{2D92B6AF-04FB-4635-B203-007D4465AFE2}.Release|Android.ActiveCfg = Release|Any CPU
		{2D92B6AF-04FB-4635-B203-007D4465AFE2}.Release|Any CPU.ActiveCfg = Release|Any CPU
		{2D92B6AF-04FB-4635-B203-007D4465AFE2}.Release|ARM.ActiveCfg = Release|Any CPU
		{2D92B6AF-04FB-4635-B203-007D4465AFE2}.Release|iPhone.ActiveCfg = Release|Any CPU
		{2D92B6AF-04FB-4635-B203-007D4465AFE2}.Release|iPhoneSimulator.ActiveCfg = Release|Any CPU
		{2D92B6AF-04FB-4635-B203-007D4465AFE2}.Release|Mixed Platforms.ActiveCfg = Release|Any CPU
		{2D92B6AF-04FB-4635-B203-007D4465AFE2}.Release|Mixed Platforms.Build.0 = Release|Any CPU
		{2D92B6AF-04FB-4635-B203-007D4465AFE2}.Release|x64.ActiveCfg = Release|Any CPU
		{2D92B6AF-04FB-4635-B203-007D4465AFE2}.Release|x86.ActiveCfg = Release|Any CPU
		{2D92B6AF-04FB-4635-B203-007D4465AFE2}.Release|x86.Build.0 = Release|Any CPU
		{9B474238-4545-4362-A5A6-198EAEAB4259}.Debug|Android.ActiveCfg = Debug|x86
		{9B474238-4545-4362-A5A6-198EAEAB4259}.Debug|Any CPU.ActiveCfg = Debug|x86
		{9B474238-4545-4362-A5A6-198EAEAB4259}.Debug|ARM.ActiveCfg = Debug|ARM
		{9B474238-4545-4362-A5A6-198EAEAB4259}.Debug|ARM.Build.0 = Debug|ARM
		{9B474238-4545-4362-A5A6-198EAEAB4259}.Debug|iPhone.ActiveCfg = Debug|x86
		{9B474238-4545-4362-A5A6-198EAEAB4259}.Debug|iPhoneSimulator.ActiveCfg = Debug|x86
		{9B474238-4545-4362-A5A6-198EAEAB4259}.Debug|Mixed Platforms.ActiveCfg = Debug|x86
		{9B474238-4545-4362-A5A6-198EAEAB4259}.Debug|Mixed Platforms.Build.0 = Debug|x86
		{9B474238-4545-4362-A5A6-198EAEAB4259}.Debug|x64.ActiveCfg = Debug|x64
		{9B474238-4545-4362-A5A6-198EAEAB4259}.Debug|x64.Build.0 = Debug|x64
		{9B474238-4545-4362-A5A6-198EAEAB4259}.Debug|x86.ActiveCfg = Debug|x86
		{9B474238-4545-4362-A5A6-198EAEAB4259}.Debug|x86.Build.0 = Debug|x86
		{9B474238-4545-4362-A5A6-198EAEAB4259}.Release|Android.ActiveCfg = Release|x86
		{9B474238-4545-4362-A5A6-198EAEAB4259}.Release|Any CPU.ActiveCfg = Release|x64
		{9B474238-4545-4362-A5A6-198EAEAB4259}.Release|ARM.ActiveCfg = Release|ARM
		{9B474238-4545-4362-A5A6-198EAEAB4259}.Release|ARM.Build.0 = Release|ARM
		{9B474238-4545-4362-A5A6-198EAEAB4259}.Release|iPhone.ActiveCfg = Release|x86
		{9B474238-4545-4362-A5A6-198EAEAB4259}.Release|iPhoneSimulator.ActiveCfg = Release|x86
		{9B474238-4545-4362-A5A6-198EAEAB4259}.Release|Mixed Platforms.ActiveCfg = Release|x86
		{9B474238-4545-4362-A5A6-198EAEAB4259}.Release|Mixed Platforms.Build.0 = Release|x86
		{9B474238-4545-4362-A5A6-198EAEAB4259}.Release|x64.ActiveCfg = Release|x64
		{9B474238-4545-4362-A5A6-198EAEAB4259}.Release|x64.Build.0 = Release|x64
		{9B474238-4545-4362-A5A6-198EAEAB4259}.Release|x86.ActiveCfg = Release|x86
		{9B474238-4545-4362-A5A6-198EAEAB4259}.Release|x86.Build.0 = Release|x86
		{09D56E6B-8FEC-48D7-8246-6479BB0FE8C5}.Debug|Android.ActiveCfg = Debug|Win32
		{09D56E6B-8FEC-48D7-8246-6479BB0FE8C5}.Debug|Any CPU.ActiveCfg = Debug|Win32
		{09D56E6B-8FEC-48D7-8246-6479BB0FE8C5}.Debug|ARM.ActiveCfg = Debug|ARM
		{09D56E6B-8FEC-48D7-8246-6479BB0FE8C5}.Debug|ARM.Build.0 = Debug|ARM
		{09D56E6B-8FEC-48D7-8246-6479BB0FE8C5}.Debug|iPhone.ActiveCfg = Debug|Win32
		{09D56E6B-8FEC-48D7-8246-6479BB0FE8C5}.Debug|iPhoneSimulator.ActiveCfg = Debug|Win32
		{09D56E6B-8FEC-48D7-8246-6479BB0FE8C5}.Debug|Mixed Platforms.ActiveCfg = Debug|Win32
		{09D56E6B-8FEC-48D7-8246-6479BB0FE8C5}.Debug|Mixed Platforms.Build.0 = Debug|Win32
		{09D56E6B-8FEC-48D7-8246-6479BB0FE8C5}.Debug|x64.ActiveCfg = Debug|Win32
		{09D56E6B-8FEC-48D7-8246-6479BB0FE8C5}.Debug|x86.ActiveCfg = Debug|Win32
		{09D56E6B-8FEC-48D7-8246-6479BB0FE8C5}.Debug|x86.Build.0 = Debug|Win32
		{09D56E6B-8FEC-48D7-8246-6479BB0FE8C5}.Release|Android.ActiveCfg = Release|Win32
		{09D56E6B-8FEC-48D7-8246-6479BB0FE8C5}.Release|Any CPU.ActiveCfg = Release|Win32
		{09D56E6B-8FEC-48D7-8246-6479BB0FE8C5}.Release|ARM.ActiveCfg = Release|ARM
		{09D56E6B-8FEC-48D7-8246-6479BB0FE8C5}.Release|ARM.Build.0 = Release|ARM
		{09D56E6B-8FEC-48D7-8246-6479BB0FE8C5}.Release|iPhone.ActiveCfg = Release|Win32
		{09D56E6B-8FEC-48D7-8246-6479BB0FE8C5}.Release|iPhoneSimulator.ActiveCfg = Release|Win32
		{09D56E6B-8FEC-48D7-8246-6479BB0FE8C5}.Release|Mixed Platforms.ActiveCfg = Release|Win32
		{09D56E6B-8FEC-48D7-8246-6479BB0FE8C5}.Release|Mixed Platforms.Build.0 = Release|Win32
		{09D56E6B-8FEC-48D7-8246-6479BB0FE8C5}.Release|x64.ActiveCfg = Release|Win32
		{09D56E6B-8FEC-48D7-8246-6479BB0FE8C5}.Release|x86.ActiveCfg = Release|Win32
		{09D56E6B-8FEC-48D7-8246-6479BB0FE8C5}.Release|x86.Build.0 = Release|Win32
		{DC4F7766-AFB9-46FD-AD1E-2ECAC1F71576}.Debug|Android.ActiveCfg = Debug|x86
		{DC4F7766-AFB9-46FD-AD1E-2ECAC1F71576}.Debug|Any CPU.ActiveCfg = Debug|x86
		{DC4F7766-AFB9-46FD-AD1E-2ECAC1F71576}.Debug|ARM.ActiveCfg = Debug|ARM
		{DC4F7766-AFB9-46FD-AD1E-2ECAC1F71576}.Debug|ARM.Build.0 = Debug|ARM
		{DC4F7766-AFB9-46FD-AD1E-2ECAC1F71576}.Debug|iPhone.ActiveCfg = Debug|x86
		{DC4F7766-AFB9-46FD-AD1E-2ECAC1F71576}.Debug|iPhoneSimulator.ActiveCfg = Debug|x86
		{DC4F7766-AFB9-46FD-AD1E-2ECAC1F71576}.Debug|Mixed Platforms.ActiveCfg = Debug|x86
		{DC4F7766-AFB9-46FD-AD1E-2ECAC1F71576}.Debug|Mixed Platforms.Build.0 = Debug|x86
		{DC4F7766-AFB9-46FD-AD1E-2ECAC1F71576}.Debug|x64.ActiveCfg = Debug|x86
		{DC4F7766-AFB9-46FD-AD1E-2ECAC1F71576}.Debug|x86.ActiveCfg = Debug|x86
		{DC4F7766-AFB9-46FD-AD1E-2ECAC1F71576}.Debug|x86.Build.0 = Debug|x86
		{DC4F7766-AFB9-46FD-AD1E-2ECAC1F71576}.Release|Android.ActiveCfg = Release|x86
		{DC4F7766-AFB9-46FD-AD1E-2ECAC1F71576}.Release|Any CPU.ActiveCfg = Release|x86
		{DC4F7766-AFB9-46FD-AD1E-2ECAC1F71576}.Release|ARM.ActiveCfg = Release|ARM
		{DC4F7766-AFB9-46FD-AD1E-2ECAC1F71576}.Release|ARM.Build.0 = Release|ARM
		{DC4F7766-AFB9-46FD-AD1E-2ECAC1F71576}.Release|iPhone.ActiveCfg = Release|x86
		{DC4F7766-AFB9-46FD-AD1E-2ECAC1F71576}.Release|iPhoneSimulator.ActiveCfg = Release|x86
		{DC4F7766-AFB9-46FD-AD1E-2ECAC1F71576}.Release|Mixed Platforms.ActiveCfg = Release|x86
		{DC4F7766-AFB9-46FD-AD1E-2ECAC1F71576}.Release|Mixed Platforms.Build.0 = Release|x86
		{DC4F7766-AFB9-46FD-AD1E-2ECAC1F71576}.Release|x64.ActiveCfg = Release|x86
		{DC4F7766-AFB9-46FD-AD1E-2ECAC1F71576}.Release|x86.ActiveCfg = Release|x86
		{DC4F7766-AFB9-46FD-AD1E-2ECAC1F71576}.Release|x86.Build.0 = Release|x86
		{E7F6AAE8-D264-49A2-8295-4E3B02B9BF0B}.Debug|Android.ActiveCfg = Debug|Any CPU
		{E7F6AAE8-D264-49A2-8295-4E3B02B9BF0B}.Debug|Android.Build.0 = Debug|Any CPU
		{E7F6AAE8-D264-49A2-8295-4E3B02B9BF0B}.Debug|Any CPU.ActiveCfg = Debug|Any CPU
		{E7F6AAE8-D264-49A2-8295-4E3B02B9BF0B}.Debug|Any CPU.Build.0 = Debug|Any CPU
		{E7F6AAE8-D264-49A2-8295-4E3B02B9BF0B}.Debug|ARM.ActiveCfg = Debug|Any CPU
		{E7F6AAE8-D264-49A2-8295-4E3B02B9BF0B}.Debug|ARM.Build.0 = Debug|Any CPU
		{E7F6AAE8-D264-49A2-8295-4E3B02B9BF0B}.Debug|iPhone.ActiveCfg = Debug|Any CPU
		{E7F6AAE8-D264-49A2-8295-4E3B02B9BF0B}.Debug|iPhone.Build.0 = Debug|Any CPU
		{E7F6AAE8-D264-49A2-8295-4E3B02B9BF0B}.Debug|iPhoneSimulator.ActiveCfg = Debug|Any CPU
		{E7F6AAE8-D264-49A2-8295-4E3B02B9BF0B}.Debug|iPhoneSimulator.Build.0 = Debug|Any CPU
		{E7F6AAE8-D264-49A2-8295-4E3B02B9BF0B}.Debug|Mixed Platforms.ActiveCfg = Debug|Any CPU
		{E7F6AAE8-D264-49A2-8295-4E3B02B9BF0B}.Debug|Mixed Platforms.Build.0 = Debug|Any CPU
		{E7F6AAE8-D264-49A2-8295-4E3B02B9BF0B}.Debug|x64.ActiveCfg = Debug|Any CPU
		{E7F6AAE8-D264-49A2-8295-4E3B02B9BF0B}.Debug|x64.Build.0 = Debug|Any CPU
		{E7F6AAE8-D264-49A2-8295-4E3B02B9BF0B}.Debug|x86.ActiveCfg = Debug|Any CPU
		{E7F6AAE8-D264-49A2-8295-4E3B02B9BF0B}.Debug|x86.Build.0 = Debug|Any CPU
		{E7F6AAE8-D264-49A2-8295-4E3B02B9BF0B}.Release|Android.ActiveCfg = Release|Any CPU
		{E7F6AAE8-D264-49A2-8295-4E3B02B9BF0B}.Release|Android.Build.0 = Release|Any CPU
		{E7F6AAE8-D264-49A2-8295-4E3B02B9BF0B}.Release|Any CPU.ActiveCfg = Release|Any CPU
		{E7F6AAE8-D264-49A2-8295-4E3B02B9BF0B}.Release|Any CPU.Build.0 = Release|Any CPU
		{E7F6AAE8-D264-49A2-8295-4E3B02B9BF0B}.Release|ARM.ActiveCfg = Release|Any CPU
		{E7F6AAE8-D264-49A2-8295-4E3B02B9BF0B}.Release|ARM.Build.0 = Release|Any CPU
		{E7F6AAE8-D264-49A2-8295-4E3B02B9BF0B}.Release|iPhone.ActiveCfg = Release|Any CPU
		{E7F6AAE8-D264-49A2-8295-4E3B02B9BF0B}.Release|iPhone.Build.0 = Release|Any CPU
		{E7F6AAE8-D264-49A2-8295-4E3B02B9BF0B}.Release|iPhoneSimulator.ActiveCfg = Release|Any CPU
		{E7F6AAE8-D264-49A2-8295-4E3B02B9BF0B}.Release|iPhoneSimulator.Build.0 = Release|Any CPU
		{E7F6AAE8-D264-49A2-8295-4E3B02B9BF0B}.Release|Mixed Platforms.ActiveCfg = Release|Any CPU
		{E7F6AAE8-D264-49A2-8295-4E3B02B9BF0B}.Release|Mixed Platforms.Build.0 = Release|Any CPU
		{E7F6AAE8-D264-49A2-8295-4E3B02B9BF0B}.Release|x64.ActiveCfg = Release|Any CPU
		{E7F6AAE8-D264-49A2-8295-4E3B02B9BF0B}.Release|x64.Build.0 = Release|Any CPU
		{E7F6AAE8-D264-49A2-8295-4E3B02B9BF0B}.Release|x86.ActiveCfg = Release|Any CPU
		{E7F6AAE8-D264-49A2-8295-4E3B02B9BF0B}.Release|x86.Build.0 = Release|Any CPU
		{5C48C2B6-5D6E-4699-91B1-C9E1B4306029}.Debug|Android.ActiveCfg = Debug|Any CPU
		{5C48C2B6-5D6E-4699-91B1-C9E1B4306029}.Debug|Android.Build.0 = Debug|Any CPU
		{5C48C2B6-5D6E-4699-91B1-C9E1B4306029}.Debug|Any CPU.ActiveCfg = Debug|Any CPU
		{5C48C2B6-5D6E-4699-91B1-C9E1B4306029}.Debug|Any CPU.Build.0 = Debug|Any CPU
		{5C48C2B6-5D6E-4699-91B1-C9E1B4306029}.Debug|ARM.ActiveCfg = Debug|Any CPU
		{5C48C2B6-5D6E-4699-91B1-C9E1B4306029}.Debug|iPhone.ActiveCfg = Debug|Any CPU
		{5C48C2B6-5D6E-4699-91B1-C9E1B4306029}.Debug|iPhoneSimulator.ActiveCfg = Debug|Any CPU
		{5C48C2B6-5D6E-4699-91B1-C9E1B4306029}.Debug|Mixed Platforms.ActiveCfg = Debug|Any CPU
		{5C48C2B6-5D6E-4699-91B1-C9E1B4306029}.Debug|Mixed Platforms.Build.0 = Debug|Any CPU
		{5C48C2B6-5D6E-4699-91B1-C9E1B4306029}.Debug|x64.ActiveCfg = Debug|Any CPU
		{5C48C2B6-5D6E-4699-91B1-C9E1B4306029}.Debug|x86.ActiveCfg = Debug|Any CPU
		{5C48C2B6-5D6E-4699-91B1-C9E1B4306029}.Release|Android.ActiveCfg = Release|Any CPU
		{5C48C2B6-5D6E-4699-91B1-C9E1B4306029}.Release|Android.Build.0 = Release|Any CPU
		{5C48C2B6-5D6E-4699-91B1-C9E1B4306029}.Release|Any CPU.ActiveCfg = Release|Any CPU
		{5C48C2B6-5D6E-4699-91B1-C9E1B4306029}.Release|Any CPU.Build.0 = Release|Any CPU
		{5C48C2B6-5D6E-4699-91B1-C9E1B4306029}.Release|ARM.ActiveCfg = Release|Any CPU
		{5C48C2B6-5D6E-4699-91B1-C9E1B4306029}.Release|iPhone.ActiveCfg = Release|Any CPU
		{5C48C2B6-5D6E-4699-91B1-C9E1B4306029}.Release|iPhoneSimulator.ActiveCfg = Release|Any CPU
		{5C48C2B6-5D6E-4699-91B1-C9E1B4306029}.Release|Mixed Platforms.ActiveCfg = Release|Any CPU
		{5C48C2B6-5D6E-4699-91B1-C9E1B4306029}.Release|Mixed Platforms.Build.0 = Release|Any CPU
		{5C48C2B6-5D6E-4699-91B1-C9E1B4306029}.Release|x64.ActiveCfg = Release|Any CPU
		{5C48C2B6-5D6E-4699-91B1-C9E1B4306029}.Release|x86.ActiveCfg = Release|Any CPU
		{B83426D5-BA15-4816-9F01-FC13183156B8}.Debug|Android.ActiveCfg = Debug|x86
		{B83426D5-BA15-4816-9F01-FC13183156B8}.Debug|Any CPU.ActiveCfg = Debug|x86
		{B83426D5-BA15-4816-9F01-FC13183156B8}.Debug|ARM.ActiveCfg = Debug|ARM
		{B83426D5-BA15-4816-9F01-FC13183156B8}.Debug|ARM.Build.0 = Debug|ARM
		{B83426D5-BA15-4816-9F01-FC13183156B8}.Debug|ARM.Deploy.0 = Debug|ARM
		{B83426D5-BA15-4816-9F01-FC13183156B8}.Debug|iPhone.ActiveCfg = Debug|x86
		{B83426D5-BA15-4816-9F01-FC13183156B8}.Debug|iPhoneSimulator.ActiveCfg = Debug|x86
		{B83426D5-BA15-4816-9F01-FC13183156B8}.Debug|Mixed Platforms.ActiveCfg = Debug|x86
		{B83426D5-BA15-4816-9F01-FC13183156B8}.Debug|Mixed Platforms.Build.0 = Debug|x86
		{B83426D5-BA15-4816-9F01-FC13183156B8}.Debug|Mixed Platforms.Deploy.0 = Debug|x86
		{B83426D5-BA15-4816-9F01-FC13183156B8}.Debug|x64.ActiveCfg = Debug|x86
		{B83426D5-BA15-4816-9F01-FC13183156B8}.Debug|x86.ActiveCfg = Debug|x86
		{B83426D5-BA15-4816-9F01-FC13183156B8}.Debug|x86.Build.0 = Debug|x86
		{B83426D5-BA15-4816-9F01-FC13183156B8}.Debug|x86.Deploy.0 = Debug|x86
		{B83426D5-BA15-4816-9F01-FC13183156B8}.Release|Android.ActiveCfg = Release|x86
		{B83426D5-BA15-4816-9F01-FC13183156B8}.Release|Any CPU.ActiveCfg = Release|x86
		{B83426D5-BA15-4816-9F01-FC13183156B8}.Release|ARM.ActiveCfg = Release|ARM
		{B83426D5-BA15-4816-9F01-FC13183156B8}.Release|ARM.Build.0 = Release|ARM
		{B83426D5-BA15-4816-9F01-FC13183156B8}.Release|ARM.Deploy.0 = Release|ARM
		{B83426D5-BA15-4816-9F01-FC13183156B8}.Release|iPhone.ActiveCfg = Release|x86
		{B83426D5-BA15-4816-9F01-FC13183156B8}.Release|iPhoneSimulator.ActiveCfg = Release|x86
		{B83426D5-BA15-4816-9F01-FC13183156B8}.Release|Mixed Platforms.ActiveCfg = Release|x86
		{B83426D5-BA15-4816-9F01-FC13183156B8}.Release|Mixed Platforms.Build.0 = Release|x86
		{B83426D5-BA15-4816-9F01-FC13183156B8}.Release|Mixed Platforms.Deploy.0 = Release|x86
		{B83426D5-BA15-4816-9F01-FC13183156B8}.Release|x64.ActiveCfg = Release|x86
		{B83426D5-BA15-4816-9F01-FC13183156B8}.Release|x86.ActiveCfg = Release|x86
		{B83426D5-BA15-4816-9F01-FC13183156B8}.Release|x86.Build.0 = Release|x86
		{B83426D5-BA15-4816-9F01-FC13183156B8}.Release|x86.Deploy.0 = Release|x86
		{7000877B-3475-42A0-8BAC-36036B7C773E}.Debug|Android.ActiveCfg = Debug|x86
		{7000877B-3475-42A0-8BAC-36036B7C773E}.Debug|Any CPU.ActiveCfg = Debug|x86
		{7000877B-3475-42A0-8BAC-36036B7C773E}.Debug|ARM.ActiveCfg = Debug|ARM
		{7000877B-3475-42A0-8BAC-36036B7C773E}.Debug|ARM.Build.0 = Debug|ARM
		{7000877B-3475-42A0-8BAC-36036B7C773E}.Debug|ARM.Deploy.0 = Debug|ARM
		{7000877B-3475-42A0-8BAC-36036B7C773E}.Debug|iPhone.ActiveCfg = Debug|x86
		{7000877B-3475-42A0-8BAC-36036B7C773E}.Debug|iPhoneSimulator.ActiveCfg = Debug|x86
		{7000877B-3475-42A0-8BAC-36036B7C773E}.Debug|Mixed Platforms.ActiveCfg = Debug|x86
		{7000877B-3475-42A0-8BAC-36036B7C773E}.Debug|Mixed Platforms.Build.0 = Debug|x86
		{7000877B-3475-42A0-8BAC-36036B7C773E}.Debug|Mixed Platforms.Deploy.0 = Debug|x86
		{7000877B-3475-42A0-8BAC-36036B7C773E}.Debug|x64.ActiveCfg = Debug|x64
		{7000877B-3475-42A0-8BAC-36036B7C773E}.Debug|x64.Build.0 = Debug|x64
		{7000877B-3475-42A0-8BAC-36036B7C773E}.Debug|x64.Deploy.0 = Debug|x64
		{7000877B-3475-42A0-8BAC-36036B7C773E}.Debug|x86.ActiveCfg = Debug|x86
		{7000877B-3475-42A0-8BAC-36036B7C773E}.Debug|x86.Build.0 = Debug|x86
		{7000877B-3475-42A0-8BAC-36036B7C773E}.Debug|x86.Deploy.0 = Debug|x86
		{7000877B-3475-42A0-8BAC-36036B7C773E}.Release|Android.ActiveCfg = Release|x86
		{7000877B-3475-42A0-8BAC-36036B7C773E}.Release|Any CPU.ActiveCfg = Release|x64
		{7000877B-3475-42A0-8BAC-36036B7C773E}.Release|ARM.ActiveCfg = Release|ARM
		{7000877B-3475-42A0-8BAC-36036B7C773E}.Release|ARM.Build.0 = Release|ARM
		{7000877B-3475-42A0-8BAC-36036B7C773E}.Release|ARM.Deploy.0 = Release|ARM
		{7000877B-3475-42A0-8BAC-36036B7C773E}.Release|iPhone.ActiveCfg = Release|x86
		{7000877B-3475-42A0-8BAC-36036B7C773E}.Release|iPhoneSimulator.ActiveCfg = Release|x86
		{7000877B-3475-42A0-8BAC-36036B7C773E}.Release|Mixed Platforms.ActiveCfg = Release|x86
		{7000877B-3475-42A0-8BAC-36036B7C773E}.Release|Mixed Platforms.Build.0 = Release|x86
		{7000877B-3475-42A0-8BAC-36036B7C773E}.Release|Mixed Platforms.Deploy.0 = Release|x86
		{7000877B-3475-42A0-8BAC-36036B7C773E}.Release|x64.ActiveCfg = Release|x64
		{7000877B-3475-42A0-8BAC-36036B7C773E}.Release|x64.Build.0 = Release|x64
		{7000877B-3475-42A0-8BAC-36036B7C773E}.Release|x64.Deploy.0 = Release|x64
		{7000877B-3475-42A0-8BAC-36036B7C773E}.Release|x86.ActiveCfg = Release|x86
		{7000877B-3475-42A0-8BAC-36036B7C773E}.Release|x86.Build.0 = Release|x86
		{7000877B-3475-42A0-8BAC-36036B7C773E}.Release|x86.Deploy.0 = Release|x86
		{40D10FD8-D78A-4DBF-8337-AC73F4478824}.Debug|Android.ActiveCfg = Debug|Any CPU
		{40D10FD8-D78A-4DBF-8337-AC73F4478824}.Debug|Any CPU.ActiveCfg = Debug|Any CPU
		{40D10FD8-D78A-4DBF-8337-AC73F4478824}.Debug|ARM.ActiveCfg = Debug|Any CPU
		{40D10FD8-D78A-4DBF-8337-AC73F4478824}.Debug|iPhone.ActiveCfg = Debug|Any CPU
		{40D10FD8-D78A-4DBF-8337-AC73F4478824}.Debug|iPhoneSimulator.ActiveCfg = Debug|Any CPU
		{40D10FD8-D78A-4DBF-8337-AC73F4478824}.Debug|Mixed Platforms.ActiveCfg = Debug|Any CPU
		{40D10FD8-D78A-4DBF-8337-AC73F4478824}.Debug|Mixed Platforms.Build.0 = Debug|Any CPU
		{40D10FD8-D78A-4DBF-8337-AC73F4478824}.Debug|x64.ActiveCfg = Debug|Any CPU
		{40D10FD8-D78A-4DBF-8337-AC73F4478824}.Debug|x86.ActiveCfg = Debug|Any CPU
		{40D10FD8-D78A-4DBF-8337-AC73F4478824}.Debug|x86.Build.0 = Debug|Any CPU
		{40D10FD8-D78A-4DBF-8337-AC73F4478824}.Release|Android.ActiveCfg = Release|Any CPU
		{40D10FD8-D78A-4DBF-8337-AC73F4478824}.Release|Any CPU.ActiveCfg = Release|Any CPU
		{40D10FD8-D78A-4DBF-8337-AC73F4478824}.Release|ARM.ActiveCfg = Release|Any CPU
		{40D10FD8-D78A-4DBF-8337-AC73F4478824}.Release|iPhone.ActiveCfg = Release|Any CPU
		{40D10FD8-D78A-4DBF-8337-AC73F4478824}.Release|iPhoneSimulator.ActiveCfg = Release|Any CPU
		{40D10FD8-D78A-4DBF-8337-AC73F4478824}.Release|Mixed Platforms.ActiveCfg = Release|Any CPU
		{40D10FD8-D78A-4DBF-8337-AC73F4478824}.Release|Mixed Platforms.Build.0 = Release|Any CPU
		{40D10FD8-D78A-4DBF-8337-AC73F4478824}.Release|x64.ActiveCfg = Release|Any CPU
		{40D10FD8-D78A-4DBF-8337-AC73F4478824}.Release|x86.ActiveCfg = Release|Any CPU
		{40D10FD8-D78A-4DBF-8337-AC73F4478824}.Release|x86.Build.0 = Release|Any CPU
		{0CD112EB-A935-4A04-8DC9-D523287F43CA}.Debug|Android.ActiveCfg = Debug|Any CPU
		{0CD112EB-A935-4A04-8DC9-D523287F43CA}.Debug|Android.Build.0 = Debug|Any CPU
		{0CD112EB-A935-4A04-8DC9-D523287F43CA}.Debug|Android.Deploy.0 = Debug|Any CPU
		{0CD112EB-A935-4A04-8DC9-D523287F43CA}.Debug|Any CPU.ActiveCfg = Debug|Any CPU
		{0CD112EB-A935-4A04-8DC9-D523287F43CA}.Debug|Any CPU.Build.0 = Debug|Any CPU
		{0CD112EB-A935-4A04-8DC9-D523287F43CA}.Debug|Any CPU.Deploy.0 = Debug|Any CPU
		{0CD112EB-A935-4A04-8DC9-D523287F43CA}.Debug|ARM.ActiveCfg = Debug|Any CPU
		{0CD112EB-A935-4A04-8DC9-D523287F43CA}.Debug|iPhone.ActiveCfg = Debug|Any CPU
		{0CD112EB-A935-4A04-8DC9-D523287F43CA}.Debug|iPhoneSimulator.ActiveCfg = Debug|Any CPU
		{0CD112EB-A935-4A04-8DC9-D523287F43CA}.Debug|Mixed Platforms.ActiveCfg = Debug|Any CPU
		{0CD112EB-A935-4A04-8DC9-D523287F43CA}.Debug|Mixed Platforms.Build.0 = Debug|Any CPU
		{0CD112EB-A935-4A04-8DC9-D523287F43CA}.Debug|Mixed Platforms.Deploy.0 = Debug|Any CPU
		{0CD112EB-A935-4A04-8DC9-D523287F43CA}.Debug|x64.ActiveCfg = Debug|Any CPU
		{0CD112EB-A935-4A04-8DC9-D523287F43CA}.Debug|x86.ActiveCfg = Debug|Any CPU
		{0CD112EB-A935-4A04-8DC9-D523287F43CA}.Release|Android.ActiveCfg = Release|Any CPU
		{0CD112EB-A935-4A04-8DC9-D523287F43CA}.Release|Android.Build.0 = Release|Any CPU
		{0CD112EB-A935-4A04-8DC9-D523287F43CA}.Release|Any CPU.ActiveCfg = Release|Any CPU
		{0CD112EB-A935-4A04-8DC9-D523287F43CA}.Release|Any CPU.Build.0 = Release|Any CPU
		{0CD112EB-A935-4A04-8DC9-D523287F43CA}.Release|ARM.ActiveCfg = Release|Any CPU
		{0CD112EB-A935-4A04-8DC9-D523287F43CA}.Release|iPhone.ActiveCfg = Release|Any CPU
		{0CD112EB-A935-4A04-8DC9-D523287F43CA}.Release|iPhoneSimulator.ActiveCfg = Release|Any CPU
		{0CD112EB-A935-4A04-8DC9-D523287F43CA}.Release|Mixed Platforms.ActiveCfg = Release|Any CPU
		{0CD112EB-A935-4A04-8DC9-D523287F43CA}.Release|Mixed Platforms.Build.0 = Release|Any CPU
		{0CD112EB-A935-4A04-8DC9-D523287F43CA}.Release|Mixed Platforms.Deploy.0 = Release|Any CPU
		{0CD112EB-A935-4A04-8DC9-D523287F43CA}.Release|x64.ActiveCfg = Release|Any CPU
		{0CD112EB-A935-4A04-8DC9-D523287F43CA}.Release|x86.ActiveCfg = Release|Any CPU
		{BEC78ACC-EC61-460B-9A78-A19CAE3F01BD}.Debug|Android.ActiveCfg = Debug|Any CPU
		{BEC78ACC-EC61-460B-9A78-A19CAE3F01BD}.Debug|Any CPU.ActiveCfg = Debug|Any CPU
		{BEC78ACC-EC61-460B-9A78-A19CAE3F01BD}.Debug|ARM.ActiveCfg = Debug|Any CPU
		{BEC78ACC-EC61-460B-9A78-A19CAE3F01BD}.Debug|iPhone.ActiveCfg = Debug|Any CPU
		{BEC78ACC-EC61-460B-9A78-A19CAE3F01BD}.Debug|iPhone.Build.0 = Debug|Any CPU
		{BEC78ACC-EC61-460B-9A78-A19CAE3F01BD}.Debug|iPhoneSimulator.ActiveCfg = Debug|Any CPU
		{BEC78ACC-EC61-460B-9A78-A19CAE3F01BD}.Debug|iPhoneSimulator.Build.0 = Debug|Any CPU
		{BEC78ACC-EC61-460B-9A78-A19CAE3F01BD}.Debug|Mixed Platforms.ActiveCfg = Debug|Any CPU
		{BEC78ACC-EC61-460B-9A78-A19CAE3F01BD}.Debug|Mixed Platforms.Build.0 = Debug|Any CPU
		{BEC78ACC-EC61-460B-9A78-A19CAE3F01BD}.Debug|x64.ActiveCfg = Debug|Any CPU
		{BEC78ACC-EC61-460B-9A78-A19CAE3F01BD}.Debug|x86.ActiveCfg = Debug|Any CPU
		{BEC78ACC-EC61-460B-9A78-A19CAE3F01BD}.Release|Android.ActiveCfg = Release|Any CPU
		{BEC78ACC-EC61-460B-9A78-A19CAE3F01BD}.Release|Any CPU.ActiveCfg = Release|Any CPU
		{BEC78ACC-EC61-460B-9A78-A19CAE3F01BD}.Release|ARM.ActiveCfg = Release|Any CPU
		{BEC78ACC-EC61-460B-9A78-A19CAE3F01BD}.Release|iPhone.ActiveCfg = Release|Any CPU
		{BEC78ACC-EC61-460B-9A78-A19CAE3F01BD}.Release|iPhone.Build.0 = Release|Any CPU
		{BEC78ACC-EC61-460B-9A78-A19CAE3F01BD}.Release|iPhoneSimulator.ActiveCfg = Release|Any CPU
		{BEC78ACC-EC61-460B-9A78-A19CAE3F01BD}.Release|iPhoneSimulator.Build.0 = Release|Any CPU
		{BEC78ACC-EC61-460B-9A78-A19CAE3F01BD}.Release|Mixed Platforms.ActiveCfg = Release|Any CPU
		{BEC78ACC-EC61-460B-9A78-A19CAE3F01BD}.Release|Mixed Platforms.Build.0 = Release|Any CPU
		{BEC78ACC-EC61-460B-9A78-A19CAE3F01BD}.Release|x64.ActiveCfg = Release|Any CPU
		{BEC78ACC-EC61-460B-9A78-A19CAE3F01BD}.Release|x86.ActiveCfg = Release|Any CPU
		{7B514EE4-88BE-43F4-8794-79312105562A}.Debug|Android.ActiveCfg = Debug|iPhoneSimulator
		{7B514EE4-88BE-43F4-8794-79312105562A}.Debug|Any CPU.ActiveCfg = Debug|iPhoneSimulator
		{7B514EE4-88BE-43F4-8794-79312105562A}.Debug|ARM.ActiveCfg = Debug|iPhoneSimulator
		{7B514EE4-88BE-43F4-8794-79312105562A}.Debug|iPhone.ActiveCfg = Debug|iPhone
		{7B514EE4-88BE-43F4-8794-79312105562A}.Debug|iPhone.Build.0 = Debug|iPhone
		{7B514EE4-88BE-43F4-8794-79312105562A}.Debug|iPhone.Deploy.0 = Debug|iPhone
		{7B514EE4-88BE-43F4-8794-79312105562A}.Debug|iPhoneSimulator.ActiveCfg = Debug|iPhoneSimulator
		{7B514EE4-88BE-43F4-8794-79312105562A}.Debug|iPhoneSimulator.Build.0 = Debug|iPhoneSimulator
		{7B514EE4-88BE-43F4-8794-79312105562A}.Debug|iPhoneSimulator.Deploy.0 = Debug|iPhoneSimulator
		{7B514EE4-88BE-43F4-8794-79312105562A}.Debug|Mixed Platforms.ActiveCfg = Debug|iPhoneSimulator
		{7B514EE4-88BE-43F4-8794-79312105562A}.Debug|Mixed Platforms.Build.0 = Debug|iPhoneSimulator
		{7B514EE4-88BE-43F4-8794-79312105562A}.Debug|Mixed Platforms.Deploy.0 = Debug|iPhoneSimulator
		{7B514EE4-88BE-43F4-8794-79312105562A}.Debug|x64.ActiveCfg = Debug|iPhoneSimulator
		{7B514EE4-88BE-43F4-8794-79312105562A}.Debug|x86.ActiveCfg = Debug|iPhoneSimulator
		{7B514EE4-88BE-43F4-8794-79312105562A}.Release|Android.ActiveCfg = Release|iPhoneSimulator
		{7B514EE4-88BE-43F4-8794-79312105562A}.Release|Any CPU.ActiveCfg = Release|iPhoneSimulator
		{7B514EE4-88BE-43F4-8794-79312105562A}.Release|ARM.ActiveCfg = Release|iPhoneSimulator
		{7B514EE4-88BE-43F4-8794-79312105562A}.Release|iPhone.ActiveCfg = Release|iPhone
		{7B514EE4-88BE-43F4-8794-79312105562A}.Release|iPhone.Build.0 = Release|iPhone
		{7B514EE4-88BE-43F4-8794-79312105562A}.Release|iPhone.Deploy.0 = Release|iPhone
		{7B514EE4-88BE-43F4-8794-79312105562A}.Release|iPhoneSimulator.ActiveCfg = Release|iPhoneSimulator
		{7B514EE4-88BE-43F4-8794-79312105562A}.Release|iPhoneSimulator.Build.0 = Release|iPhoneSimulator
		{7B514EE4-88BE-43F4-8794-79312105562A}.Release|iPhoneSimulator.Deploy.0 = Release|iPhoneSimulator
		{7B514EE4-88BE-43F4-8794-79312105562A}.Release|Mixed Platforms.ActiveCfg = Release|iPhoneSimulator
		{7B514EE4-88BE-43F4-8794-79312105562A}.Release|Mixed Platforms.Build.0 = Release|iPhoneSimulator
		{7B514EE4-88BE-43F4-8794-79312105562A}.Release|Mixed Platforms.Deploy.0 = Release|iPhoneSimulator
		{7B514EE4-88BE-43F4-8794-79312105562A}.Release|x64.ActiveCfg = Release|iPhoneSimulator
		{7B514EE4-88BE-43F4-8794-79312105562A}.Release|x86.ActiveCfg = Release|iPhoneSimulator
	EndGlobalSection
	GlobalSection(SolutionProperties) = preSolution
		HideSolutionNode = FALSE
	EndGlobalSection
	GlobalSection(NestedProjects) = preSolution
		{2D92B6AF-04FB-4635-B203-007D4465AFE2} = {1409472C-6699-4D6E-9147-C5D1C209D32D}
		{9B474238-4545-4362-A5A6-198EAEAB4259} = {1409472C-6699-4D6E-9147-C5D1C209D32D}
		{09D56E6B-8FEC-48D7-8246-6479BB0FE8C5} = {1409472C-6699-4D6E-9147-C5D1C209D32D}
		{DC4F7766-AFB9-46FD-AD1E-2ECAC1F71576} = {1409472C-6699-4D6E-9147-C5D1C209D32D}
		{E7F6AAE8-D264-49A2-8295-4E3B02B9BF0B} = {1409472C-6699-4D6E-9147-C5D1C209D32D}
		{5C48C2B6-5D6E-4699-91B1-C9E1B4306029} = {1409472C-6699-4D6E-9147-C5D1C209D32D}
		{BEC78ACC-EC61-460B-9A78-A19CAE3F01BD} = {1409472C-6699-4D6E-9147-C5D1C209D32D}
		{B83426D5-BA15-4816-9F01-FC13183156B8} = {FC0A25F6-D2E1-4A7E-88FA-FAECA0B836E8}
		{7000877B-3475-42A0-8BAC-36036B7C773E} = {FC0A25F6-D2E1-4A7E-88FA-FAECA0B836E8}
		{40D10FD8-D78A-4DBF-8337-AC73F4478824} = {FC0A25F6-D2E1-4A7E-88FA-FAECA0B836E8}
		{0CD112EB-A935-4A04-8DC9-D523287F43CA} = {FC0A25F6-D2E1-4A7E-88FA-FAECA0B836E8}
		{7B514EE4-88BE-43F4-8794-79312105562A} = {FC0A25F6-D2E1-4A7E-88FA-FAECA0B836E8}
	EndGlobalSection
	GlobalSection(MonoDevelopProperties) = preSolution
		StartupItem = SQLitePCL.Ext.Net45\SQLitePCL.Ext.Net45.csproj
	EndGlobalSection
EndGlobal
