
Microsoft Visual Studio Solution File, Format Version 12.00
# Visual Studio 2013
VisualStudioVersion = 12.0.30501.0
MinimumVisualStudioVersion = 10.0.40219.1
Project("{FAE04EC0-301F-11D3-BF4B-00C04F79EFBC}") = "NGP.Test.Net45", "NGP.Test.Net45\NGP.Test.Net45.csproj", "{DFF8D249-AC3C-44EA-A72B-50AF2808CD8E}"
EndProject
Project("{FAE04EC0-301F-11D3-BF4B-00C04F79EFBC}") = "NGP.Test.WindowsPhone8", "NGP.Test.WindowsPhone8\NGP.Test.WindowsPhone8.csproj", "{6BC10FC7-8C3A-4490-A13B-A41A27A079A4}"
EndProject
Project("{FAE04EC0-301F-11D3-BF4B-00C04F79EFBC}") = "NGP.Test.WindowsStore", "NGP.Test.WindowsStore\NGP.Test.WindowsStore.csproj", "{04F8EF9E-F56D-42E3-B783-7A14CC5C0D84}"
EndProject
Project("{FAE04EC0-301F-11D3-BF4B-00C04F79EFBC}") = "NGP.Test.iOS", "NGP.Test.iOS\NGP.Test.iOS.csproj", "{EB28950F-385C-4F99-99B6-E3FDA941FC58}"
EndProject
Project("{FAE04EC0-301F-11D3-BF4B-00C04F79EFBC}") = "NGP.Test.Android", "NGP.Test.Android\NGP.Test.Android.csproj", "{B34F6285-2CDF-43AD-BEFD-E120B54DF86A}"
EndProject
Project("{FAE04EC0-301F-11D3-BF4B-00C04F79EFBC}") = "NGP.Test.Universal.WindowsPhone", "NGP.Test.Universal.WindowsPhone\NGP.Test.Universal.WindowsPhone.csproj", "{17D0FA52-F2DE-452E-AD29-52E9E4D4772F}"
EndProject
Project("{FAE04EC0-301F-11D3-BF4B-00C04F79EFBC}") = "NGP.Test.Universal.WindowsStore", "NGP.Test.Universal.WindowsStore\NGP.Test.Universal.WindowsStore.csproj", "{7EAF0F8E-198F-416F-B37C-C56116D0D4AF}"
EndProject
Global
	GlobalSection(SolutionConfigurationPlatforms) = preSolution
		Debug|Android = Debug|Android
		Debug|Any CPU = Debug|Any CPU
		Debug|ARM = Debug|ARM
		Debug|iPhone = Debug|iPhone
		Debug|iPhoneSimulator = Debug|iPhoneSimulator
		Debug|Mixed Platforms = Debug|Mixed Platforms
		Debug|x64 = Debug|x64
		Debug|x86 = Debug|x86
		Release|Android = Release|Android
		Release|Any CPU = Release|Any CPU
		Release|ARM = Release|ARM
		Release|iPhone = Release|iPhone
		Release|iPhoneSimulator = Release|iPhoneSimulator
		Release|Mixed Platforms = Release|Mixed Platforms
		Release|x64 = Release|x64
		Release|x86 = Release|x86
	EndGlobalSection
	GlobalSection(ProjectConfigurationPlatforms) = postSolution
		{DFF8D249-AC3C-44EA-A72B-50AF2808CD8E}.Debug|Android.ActiveCfg = Debug|Any CPU
		{DFF8D249-AC3C-44EA-A72B-50AF2808CD8E}.Debug|Any CPU.ActiveCfg = Debug|Any CPU
		{DFF8D249-AC3C-44EA-A72B-50AF2808CD8E}.Debug|ARM.ActiveCfg = Debug|Any CPU
		{DFF8D249-AC3C-44EA-A72B-50AF2808CD8E}.Debug|iPhone.ActiveCfg = Debug|Any CPU
		{DFF8D249-AC3C-44EA-A72B-50AF2808CD8E}.Debug|iPhoneSimulator.ActiveCfg = Debug|Any CPU
		{DFF8D249-AC3C-44EA-A72B-50AF2808CD8E}.Debug|Mixed Platforms.ActiveCfg = Debug|Any CPU
		{DFF8D249-AC3C-44EA-A72B-50AF2808CD8E}.Debug|Mixed Platforms.Build.0 = Debug|Any CPU
		{DFF8D249-AC3C-44EA-A72B-50AF2808CD8E}.Debug|x64.ActiveCfg = Debug|Any CPU
		{DFF8D249-AC3C-44EA-A72B-50AF2808CD8E}.Debug|x86.ActiveCfg = Debug|Any CPU
		{DFF8D249-AC3C-44EA-A72B-50AF2808CD8E}.Debug|x86.Build.0 = Debug|Any CPU
		{DFF8D249-AC3C-44EA-A72B-50AF2808CD8E}.Release|Android.ActiveCfg = Release|Any CPU
		{DFF8D249-AC3C-44EA-A72B-50AF2808CD8E}.Release|Any CPU.ActiveCfg = Release|Any CPU
		{DFF8D249-AC3C-44EA-A72B-50AF2808CD8E}.Release|ARM.ActiveCfg = Release|Any CPU
		{DFF8D249-AC3C-44EA-A72B-50AF2808CD8E}.Release|iPhone.ActiveCfg = Release|Any CPU
		{DFF8D249-AC3C-44EA-A72B-50AF2808CD8E}.Release|iPhoneSimulator.ActiveCfg = Release|Any CPU
		{DFF8D249-AC3C-44EA-A72B-50AF2808CD8E}.Release|Mixed Platforms.ActiveCfg = Release|Any CPU
		{DFF8D249-AC3C-44EA-A72B-50AF2808CD8E}.Release|Mixed Platforms.Build.0 = Release|Any CPU
		{DFF8D249-AC3C-44EA-A72B-50AF2808CD8E}.Release|x64.ActiveCfg = Release|Any CPU
		{DFF8D249-AC3C-44EA-A72B-50AF2808CD8E}.Release|x86.ActiveCfg = Release|Any CPU
		{DFF8D249-AC3C-44EA-A72B-50AF2808CD8E}.Release|x86.Build.0 = Release|Any CPU
		{6BC10FC7-8C3A-4490-A13B-A41A27A079A4}.Debug|Android.ActiveCfg = Debug|x86
		{6BC10FC7-8C3A-4490-A13B-A41A27A079A4}.Debug|Any CPU.ActiveCfg = Debug|x86
		{6BC10FC7-8C3A-4490-A13B-A41A27A079A4}.Debug|ARM.ActiveCfg = Debug|ARM
		{6BC10FC7-8C3A-4490-A13B-A41A27A079A4}.Debug|ARM.Build.0 = Debug|ARM
		{6BC10FC7-8C3A-4490-A13B-A41A27A079A4}.Debug|ARM.Deploy.0 = Debug|ARM
		{6BC10FC7-8C3A-4490-A13B-A41A27A079A4}.Debug|iPhone.ActiveCfg = Debug|x86
		{6BC10FC7-8C3A-4490-A13B-A41A27A079A4}.Debug|iPhoneSimulator.ActiveCfg = Debug|x86
		{6BC10FC7-8C3A-4490-A13B-A41A27A079A4}.Debug|Mixed Platforms.ActiveCfg = Debug|x86
		{6BC10FC7-8C3A-4490-A13B-A41A27A079A4}.Debug|Mixed Platforms.Build.0 = Debug|x86
		{6BC10FC7-8C3A-4490-A13B-A41A27A079A4}.Debug|Mixed Platforms.Deploy.0 = Debug|x86
		{6BC10FC7-8C3A-4490-A13B-A41A27A079A4}.Debug|x64.ActiveCfg = Debug|x86
		{6BC10FC7-8C3A-4490-A13B-A41A27A079A4}.Debug|x86.ActiveCfg = Debug|x86
		{6BC10FC7-8C3A-4490-A13B-A41A27A079A4}.Debug|x86.Build.0 = Debug|x86
		{6BC10FC7-8C3A-4490-A13B-A41A27A079A4}.Debug|x86.Deploy.0 = Debug|x86
		{6BC10FC7-8C3A-4490-A13B-A41A27A079A4}.Release|Android.ActiveCfg = Release|x86
		{6BC10FC7-8C3A-4490-A13B-A41A27A079A4}.Release|Any CPU.ActiveCfg = Release|x86
		{6BC10FC7-8C3A-4490-A13B-A41A27A079A4}.Release|ARM.ActiveCfg = Release|ARM
		{6BC10FC7-8C3A-4490-A13B-A41A27A079A4}.Release|ARM.Build.0 = Release|ARM
		{6BC10FC7-8C3A-4490-A13B-A41A27A079A4}.Release|ARM.Deploy.0 = Release|ARM
		{6BC10FC7-8C3A-4490-A13B-A41A27A079A4}.Release|iPhone.ActiveCfg = Release|x86
		{6BC10FC7-8C3A-4490-A13B-A41A27A079A4}.Release|iPhoneSimulator.ActiveCfg = Release|x86
		{6BC10FC7-8C3A-4490-A13B-A41A27A079A4}.Release|Mixed Platforms.ActiveCfg = Release|x86
		{6BC10FC7-8C3A-4490-A13B-A41A27A079A4}.Release|Mixed Platforms.Build.0 = Release|x86
		{6BC10FC7-8C3A-4490-A13B-A41A27A079A4}.Release|Mixed Platforms.Deploy.0 = Release|x86
		{6BC10FC7-8C3A-4490-A13B-A41A27A079A4}.Release|x64.ActiveCfg = Release|x86
		{6BC10FC7-8C3A-4490-A13B-A41A27A079A4}.Release|x86.ActiveCfg = Release|x86
		{6BC10FC7-8C3A-4490-A13B-A41A27A079A4}.Release|x86.Build.0 = Release|x86
		{6BC10FC7-8C3A-4490-A13B-A41A27A079A4}.Release|x86.Deploy.0 = Release|x86
		{04F8EF9E-F56D-42E3-B783-7A14CC5C0D84}.Debug|Android.ActiveCfg = Debug|x86
		{04F8EF9E-F56D-42E3-B783-7A14CC5C0D84}.Debug|Any CPU.ActiveCfg = Debug|x86
		{04F8EF9E-F56D-42E3-B783-7A14CC5C0D84}.Debug|ARM.ActiveCfg = Debug|ARM
		{04F8EF9E-F56D-42E3-B783-7A14CC5C0D84}.Debug|ARM.Build.0 = Debug|ARM
		{04F8EF9E-F56D-42E3-B783-7A14CC5C0D84}.Debug|ARM.Deploy.0 = Debug|ARM
		{04F8EF9E-F56D-42E3-B783-7A14CC5C0D84}.Debug|iPhone.ActiveCfg = Debug|x86
		{04F8EF9E-F56D-42E3-B783-7A14CC5C0D84}.Debug|iPhoneSimulator.ActiveCfg = Debug|x86
		{04F8EF9E-F56D-42E3-B783-7A14CC5C0D84}.Debug|Mixed Platforms.ActiveCfg = Debug|x86
		{04F8EF9E-F56D-42E3-B783-7A14CC5C0D84}.Debug|Mixed Platforms.Build.0 = Debug|x86
		{04F8EF9E-F56D-42E3-B783-7A14CC5C0D84}.Debug|Mixed Platforms.Deploy.0 = Debug|x86
		{04F8EF9E-F56D-42E3-B783-7A14CC5C0D84}.Debug|x64.ActiveCfg = Debug|x64
		{04F8EF9E-F56D-42E3-B783-7A14CC5C0D84}.Debug|x64.Build.0 = Debug|x64
		{04F8EF9E-F56D-42E3-B783-7A14CC5C0D84}.Debug|x64.Deploy.0 = Debug|x64
		{04F8EF9E-F56D-42E3-B783-7A14CC5C0D84}.Debug|x86.ActiveCfg = Debug|x86
		{04F8EF9E-F56D-42E3-B783-7A14CC5C0D84}.Debug|x86.Build.0 = Debug|x86
		{04F8EF9E-F56D-42E3-B783-7A14CC5C0D84}.Debug|x86.Deploy.0 = Debug|x86
		{04F8EF9E-F56D-42E3-B783-7A14CC5C0D84}.Release|Android.ActiveCfg = Release|x86
		{04F8EF9E-F56D-42E3-B783-7A14CC5C0D84}.Release|Any CPU.ActiveCfg = Release|x86
		{04F8EF9E-F56D-42E3-B783-7A14CC5C0D84}.Release|ARM.ActiveCfg = Release|ARM
		{04F8EF9E-F56D-42E3-B783-7A14CC5C0D84}.Release|ARM.Build.0 = Release|ARM
		{04F8EF9E-F56D-42E3-B783-7A14CC5C0D84}.Release|ARM.Deploy.0 = Release|ARM
		{04F8EF9E-F56D-42E3-B783-7A14CC5C0D84}.Release|iPhone.ActiveCfg = Release|x86
		{04F8EF9E-F56D-42E3-B783-7A14CC5C0D84}.Release|iPhoneSimulator.ActiveCfg = Release|x86
		{04F8EF9E-F56D-42E3-B783-7A14CC5C0D84}.Release|Mixed Platforms.ActiveCfg = Release|x86
		{04F8EF9E-F56D-42E3-B783-7A14CC5C0D84}.Release|Mixed Platforms.Build.0 = Release|x86
		{04F8EF9E-F56D-42E3-B783-7A14CC5C0D84}.Release|Mixed Platforms.Deploy.0 = Release|x86
		{04F8EF9E-F56D-42E3-B783-7A14CC5C0D84}.Release|x64.ActiveCfg = Release|x64
		{04F8EF9E-F56D-42E3-B783-7A14CC5C0D84}.Release|x64.Build.0 = Release|x64
		{04F8EF9E-F56D-42E3-B783-7A14CC5C0D84}.Release|x64.Deploy.0 = Release|x64
		{04F8EF9E-F56D-42E3-B783-7A14CC5C0D84}.Release|x86.ActiveCfg = Release|x86
		{04F8EF9E-F56D-42E3-B783-7A14CC5C0D84}.Release|x86.Build.0 = Release|x86
		{04F8EF9E-F56D-42E3-B783-7A14CC5C0D84}.Release|x86.Deploy.0 = Release|x86
		{EB28950F-385C-4F99-99B6-E3FDA941FC58}.Debug|Android.ActiveCfg = Debug|iPhoneSimulator
		{EB28950F-385C-4F99-99B6-E3FDA941FC58}.Debug|Any CPU.ActiveCfg = Debug|iPhoneSimulator
		{EB28950F-385C-4F99-99B6-E3FDA941FC58}.Debug|ARM.ActiveCfg = Debug|iPhoneSimulator
		{EB28950F-385C-4F99-99B6-E3FDA941FC58}.Debug|iPhone.ActiveCfg = Debug|iPhone
		{EB28950F-385C-4F99-99B6-E3FDA941FC58}.Debug|iPhone.Build.0 = Debug|iPhone
		{EB28950F-385C-4F99-99B6-E3FDA941FC58}.Debug|iPhone.Deploy.0 = Debug|iPhone
		{EB28950F-385C-4F99-99B6-E3FDA941FC58}.Debug|iPhoneSimulator.ActiveCfg = Debug|iPhoneSimulator
		{EB28950F-385C-4F99-99B6-E3FDA941FC58}.Debug|iPhoneSimulator.Build.0 = Debug|iPhoneSimulator
		{EB28950F-385C-4F99-99B6-E3FDA941FC58}.Debug|iPhoneSimulator.Deploy.0 = Debug|iPhoneSimulator
		{EB28950F-385C-4F99-99B6-E3FDA941FC58}.Debug|Mixed Platforms.ActiveCfg = Debug|iPhoneSimulator
		{EB28950F-385C-4F99-99B6-E3FDA941FC58}.Debug|Mixed Platforms.Build.0 = Debug|iPhoneSimulator
		{EB28950F-385C-4F99-99B6-E3FDA941FC58}.Debug|Mixed Platforms.Deploy.0 = Debug|iPhoneSimulator
		{EB28950F-385C-4F99-99B6-E3FDA941FC58}.Debug|x64.ActiveCfg = Debug|iPhone
		{EB28950F-385C-4F99-99B6-E3FDA941FC58}.Debug|x86.ActiveCfg = Debug|iPhone
		{EB28950F-385C-4F99-99B6-E3FDA941FC58}.Release|Android.ActiveCfg = Release|iPhone
		{EB28950F-385C-4F99-99B6-E3FDA941FC58}.Release|Any CPU.ActiveCfg = Release|iPhone
		{EB28950F-385C-4F99-99B6-E3FDA941FC58}.Release|ARM.ActiveCfg = Release|iPhoneSimulator
		{EB28950F-385C-4F99-99B6-E3FDA941FC58}.Release|iPhone.ActiveCfg = Release|iPhone
		{EB28950F-385C-4F99-99B6-E3FDA941FC58}.Release|iPhone.Build.0 = Release|iPhone
		{EB28950F-385C-4F99-99B6-E3FDA941FC58}.Release|iPhone.Deploy.0 = Release|iPhone
		{EB28950F-385C-4F99-99B6-E3FDA941FC58}.Release|iPhoneSimulator.ActiveCfg = Release|iPhoneSimulator
		{EB28950F-385C-4F99-99B6-E3FDA941FC58}.Release|iPhoneSimulator.Build.0 = Release|iPhoneSimulator
		{EB28950F-385C-4F99-99B6-E3FDA941FC58}.Release|iPhoneSimulator.Deploy.0 = Release|iPhoneSimulator
		{EB28950F-385C-4F99-99B6-E3FDA941FC58}.Release|Mixed Platforms.ActiveCfg = Release|iPhone
		{EB28950F-385C-4F99-99B6-E3FDA941FC58}.Release|Mixed Platforms.Build.0 = Release|iPhone
		{EB28950F-385C-4F99-99B6-E3FDA941FC58}.Release|Mixed Platforms.Deploy.0 = Release|iPhone
		{EB28950F-385C-4F99-99B6-E3FDA941FC58}.Release|x64.ActiveCfg = Release|iPhone
		{EB28950F-385C-4F99-99B6-E3FDA941FC58}.Release|x86.ActiveCfg = Release|iPhone
		{B34F6285-2CDF-43AD-BEFD-E120B54DF86A}.Debug|Android.ActiveCfg = Debug|Any CPU
		{B34F6285-2CDF-43AD-BEFD-E120B54DF86A}.Debug|Android.Build.0 = Debug|Any CPU
		{B34F6285-2CDF-43AD-BEFD-E120B54DF86A}.Debug|Android.Deploy.0 = Debug|Any CPU
		{B34F6285-2CDF-43AD-BEFD-E120B54DF86A}.Debug|Any CPU.ActiveCfg = Debug|Any CPU
		{B34F6285-2CDF-43AD-BEFD-E120B54DF86A}.Debug|Any CPU.Build.0 = Debug|Any CPU
		{B34F6285-2CDF-43AD-BEFD-E120B54DF86A}.Debug|Any CPU.Deploy.0 = Debug|Any CPU
		{B34F6285-2CDF-43AD-BEFD-E120B54DF86A}.Debug|ARM.ActiveCfg = Debug|Any CPU
		{B34F6285-2CDF-43AD-BEFD-E120B54DF86A}.Debug|iPhone.ActiveCfg = Debug|Any CPU
		{B34F6285-2CDF-43AD-BEFD-E120B54DF86A}.Debug|iPhoneSimulator.ActiveCfg = Debug|Any CPU
		{B34F6285-2CDF-43AD-BEFD-E120B54DF86A}.Debug|Mixed Platforms.ActiveCfg = Debug|Any CPU
		{B34F6285-2CDF-43AD-BEFD-E120B54DF86A}.Debug|Mixed Platforms.Build.0 = Debug|Any CPU
		{B34F6285-2CDF-43AD-BEFD-E120B54DF86A}.Debug|Mixed Platforms.Deploy.0 = Debug|Any CPU
		{B34F6285-2CDF-43AD-BEFD-E120B54DF86A}.Debug|x64.ActiveCfg = Debug|Any CPU
		{B34F6285-2CDF-43AD-BEFD-E120B54DF86A}.Debug|x86.ActiveCfg = Debug|Any CPU
		{B34F6285-2CDF-43AD-BEFD-E120B54DF86A}.Release|Android.ActiveCfg = Release|Any CPU
		{B34F6285-2CDF-43AD-BEFD-E120B54DF86A}.Release|Android.Build.0 = Release|Any CPU
		{B34F6285-2CDF-43AD-BEFD-E120B54DF86A}.Release|Android.Deploy.0 = Release|Any CPU
		{B34F6285-2CDF-43AD-BEFD-E120B54DF86A}.Release|Any CPU.ActiveCfg = Release|Any CPU
		{B34F6285-2CDF-43AD-BEFD-E120B54DF86A}.Release|Any CPU.Build.0 = Release|Any CPU
		{B34F6285-2CDF-43AD-BEFD-E120B54DF86A}.Release|Any CPU.Deploy.0 = Release|Any CPU
		{B34F6285-2CDF-43AD-BEFD-E120B54DF86A}.Release|ARM.ActiveCfg = Release|Any CPU
		{B34F6285-2CDF-43AD-BEFD-E120B54DF86A}.Release|iPhone.ActiveCfg = Release|Any CPU
		{B34F6285-2CDF-43AD-BEFD-E120B54DF86A}.Release|iPhoneSimulator.ActiveCfg = Release|Any CPU
		{B34F6285-2CDF-43AD-BEFD-E120B54DF86A}.Release|Mixed Platforms.ActiveCfg = Release|Any CPU
		{B34F6285-2CDF-43AD-BEFD-E120B54DF86A}.Release|Mixed Platforms.Build.0 = Release|Any CPU
		{B34F6285-2CDF-43AD-BEFD-E120B54DF86A}.Release|Mixed Platforms.Deploy.0 = Release|Any CPU
		{B34F6285-2CDF-43AD-BEFD-E120B54DF86A}.Release|x64.ActiveCfg = Release|Any CPU
		{B34F6285-2CDF-43AD-BEFD-E120B54DF86A}.Release|x86.ActiveCfg = Release|Any CPU
		{17D0FA52-F2DE-452E-AD29-52E9E4D4772F}.Debug|Android.ActiveCfg = Debug|x86
		{17D0FA52-F2DE-452E-AD29-52E9E4D4772F}.Debug|Any CPU.ActiveCfg = Debug|x86
		{17D0FA52-F2DE-452E-AD29-52E9E4D4772F}.Debug|ARM.ActiveCfg = Debug|ARM
		{17D0FA52-F2DE-452E-AD29-52E9E4D4772F}.Debug|ARM.Build.0 = Debug|ARM
		{17D0FA52-F2DE-452E-AD29-52E9E4D4772F}.Debug|ARM.Deploy.0 = Debug|ARM
		{17D0FA52-F2DE-452E-AD29-52E9E4D4772F}.Debug|iPhone.ActiveCfg = Debug|x86
		{17D0FA52-F2DE-452E-AD29-52E9E4D4772F}.Debug|iPhoneSimulator.ActiveCfg = Debug|x86
		{17D0FA52-F2DE-452E-AD29-52E9E4D4772F}.Debug|Mixed Platforms.ActiveCfg = Debug|x86
		{17D0FA52-F2DE-452E-AD29-52E9E4D4772F}.Debug|Mixed Platforms.Build.0 = Debug|x86
		{17D0FA52-F2DE-452E-AD29-52E9E4D4772F}.Debug|Mixed Platforms.Deploy.0 = Debug|x86
		{17D0FA52-F2DE-452E-AD29-52E9E4D4772F}.Debug|x64.ActiveCfg = Debug|x86
		{17D0FA52-F2DE-452E-AD29-52E9E4D4772F}.Debug|x86.ActiveCfg = Debug|x86
		{17D0FA52-F2DE-452E-AD29-52E9E4D4772F}.Debug|x86.Build.0 = Debug|x86
		{17D0FA52-F2DE-452E-AD29-52E9E4D4772F}.Debug|x86.Deploy.0 = Debug|x86
		{17D0FA52-F2DE-452E-AD29-52E9E4D4772F}.Release|Android.ActiveCfg = Release|x86
		{17D0FA52-F2DE-452E-AD29-52E9E4D4772F}.Release|Any CPU.ActiveCfg = Release|x86
		{17D0FA52-F2DE-452E-AD29-52E9E4D4772F}.Release|ARM.ActiveCfg = Release|ARM
		{17D0FA52-F2DE-452E-AD29-52E9E4D4772F}.Release|ARM.Build.0 = Release|ARM
		{17D0FA52-F2DE-452E-AD29-52E9E4D4772F}.Release|ARM.Deploy.0 = Release|ARM
		{17D0FA52-F2DE-452E-AD29-52E9E4D4772F}.Release|iPhone.ActiveCfg = Release|x86
		{17D0FA52-F2DE-452E-AD29-52E9E4D4772F}.Release|iPhoneSimulator.ActiveCfg = Release|x86
		{17D0FA52-F2DE-452E-AD29-52E9E4D4772F}.Release|Mixed Platforms.ActiveCfg = Release|x86
		{17D0FA52-F2DE-452E-AD29-52E9E4D4772F}.Release|Mixed Platforms.Build.0 = Release|x86
		{17D0FA52-F2DE-452E-AD29-52E9E4D4772F}.Release|Mixed Platforms.Deploy.0 = Release|x86
		{17D0FA52-F2DE-452E-AD29-52E9E4D4772F}.Release|x64.ActiveCfg = Release|x86
		{17D0FA52-F2DE-452E-AD29-52E9E4D4772F}.Release|x86.ActiveCfg = Release|x86
		{17D0FA52-F2DE-452E-AD29-52E9E4D4772F}.Release|x86.Build.0 = Release|x86
		{17D0FA52-F2DE-452E-AD29-52E9E4D4772F}.Release|x86.Deploy.0 = Release|x86
		{7EAF0F8E-198F-416F-B37C-C56116D0D4AF}.Debug|Android.ActiveCfg = Debug|x86
		{7EAF0F8E-198F-416F-B37C-C56116D0D4AF}.Debug|Any CPU.ActiveCfg = Debug|x86
		{7EAF0F8E-198F-416F-B37C-C56116D0D4AF}.Debug|ARM.ActiveCfg = Debug|ARM
		{7EAF0F8E-198F-416F-B37C-C56116D0D4AF}.Debug|ARM.Build.0 = Debug|ARM
		{7EAF0F8E-198F-416F-B37C-C56116D0D4AF}.Debug|ARM.Deploy.0 = Debug|ARM
		{7EAF0F8E-198F-416F-B37C-C56116D0D4AF}.Debug|iPhone.ActiveCfg = Debug|x86
		{7EAF0F8E-198F-416F-B37C-C56116D0D4AF}.Debug|iPhoneSimulator.ActiveCfg = Debug|x86
		{7EAF0F8E-198F-416F-B37C-C56116D0D4AF}.Debug|Mixed Platforms.ActiveCfg = Debug|x86
		{7EAF0F8E-198F-416F-B37C-C56116D0D4AF}.Debug|Mixed Platforms.Build.0 = Debug|x86
		{7EAF0F8E-198F-416F-B37C-C56116D0D4AF}.Debug|Mixed Platforms.Deploy.0 = Debug|x86
		{7EAF0F8E-198F-416F-B37C-C56116D0D4AF}.Debug|x64.ActiveCfg = Debug|x64
		{7EAF0F8E-198F-416F-B37C-C56116D0D4AF}.Debug|x64.Build.0 = Debug|x64
		{7EAF0F8E-198F-416F-B37C-C56116D0D4AF}.Debug|x64.Deploy.0 = Debug|x64
		{7EAF0F8E-198F-416F-B37C-C56116D0D4AF}.Debug|x86.ActiveCfg = Debug|x86
		{7EAF0F8E-198F-416F-B37C-C56116D0D4AF}.Debug|x86.Build.0 = Debug|x86
		{7EAF0F8E-198F-416F-B37C-C56116D0D4AF}.Debug|x86.Deploy.0 = Debug|x86
		{7EAF0F8E-198F-416F-B37C-C56116D0D4AF}.Release|Android.ActiveCfg = Release|x86
		{7EAF0F8E-198F-416F-B37C-C56116D0D4AF}.Release|Any CPU.ActiveCfg = Release|x86
		{7EAF0F8E-198F-416F-B37C-C56116D0D4AF}.Release|ARM.ActiveCfg = Release|ARM
		{7EAF0F8E-198F-416F-B37C-C56116D0D4AF}.Release|ARM.Build.0 = Release|ARM
		{7EAF0F8E-198F-416F-B37C-C56116D0D4AF}.Release|ARM.Deploy.0 = Release|ARM
		{7EAF0F8E-198F-416F-B37C-C56116D0D4AF}.Release|iPhone.ActiveCfg = Release|x86
		{7EAF0F8E-198F-416F-B37C-C56116D0D4AF}.Release|iPhoneSimulator.ActiveCfg = Release|x86
		{7EAF0F8E-198F-416F-B37C-C56116D0D4AF}.Release|Mixed Platforms.ActiveCfg = Release|x86
		{7EAF0F8E-198F-416F-B37C-C56116D0D4AF}.Release|Mixed Platforms.Build.0 = Release|x86
		{7EAF0F8E-198F-416F-B37C-C56116D0D4AF}.Release|Mixed Platforms.Deploy.0 = Release|x86
		{7EAF0F8E-198F-416F-B37C-C56116D0D4AF}.Release|x64.ActiveCfg = Release|x64
		{7EAF0F8E-198F-416F-B37C-C56116D0D4AF}.Release|x64.Build.0 = Release|x64
		{7EAF0F8E-198F-416F-B37C-C56116D0D4AF}.Release|x64.Deploy.0 = Release|x64
		{7EAF0F8E-198F-416F-B37C-C56116D0D4AF}.Release|x86.ActiveCfg = Release|x86
		{7EAF0F8E-198F-416F-B37C-C56116D0D4AF}.Release|x86.Build.0 = Release|x86
		{7EAF0F8E-198F-416F-B37C-C56116D0D4AF}.Release|x86.Deploy.0 = Release|x86
	EndGlobalSection
	GlobalSection(SolutionProperties) = preSolution
		HideSolutionNode = FALSE
	EndGlobalSection
EndGlobal
